
Microsoft Visual Studio Solution File, Format Version 12.00
# Visual Studio Version 17
VisualStudioVersion = 17.0.31903.59
MinimumVisualStudioVersion = 10.0.40219.1
Project("{2150E333-8FDC-42A3-9474-1A3956D46DE8}") = "src", "src", "{98148F2F-D23C-44C9-8FB3-E396A84708E1}"
EndProject
Project("{FAE04EC0-301F-11D3-BF4B-00C04F79EFBC}") = "SOAPService", "src\SOAPService\SOAPService.csproj", "{29DE886D-C612-4BBA-A0FD-B0247475044A}"
EndProject
Global
	GlobalSection(SolutionConfigurationPlatforms) = preSolution
		Debug|Any CPU = Debug|Any CPU
		Release|Any CPU = Release|Any CPU
	EndGlobalSection
	GlobalSection(ProjectConfigurationPlatforms) = postSolution
		{29DE886D-C612-4BBA-A0FD-B0247475044A}.Debug|Any CPU.ActiveCfg = Debug|Any CPU
		{29DE886D-C612-4BBA-A0FD-B0247475044A}.Debug|Any CPU.Build.0 = Debug|Any CPU
		{29DE886D-C612-4BBA-A0FD-B0247475044A}.Release|Any CPU.ActiveCfg = Release|Any CPU
		{29DE886D-C612-4BBA-A0FD-B0247475044A}.Release|Any CPU.Build.0 = Release|Any CPU
	EndGlobalSection
	GlobalSection(SolutionProperties) = preSolution
		HideSolutionNode = FALSE
	EndGlobalSection
	GlobalSection(NestedProjects) = preSolution
		{29DE886D-C612-4BBA-A0FD-B0247475044A} = {98148F2F-D23C-44C9-8FB3-E396A84708E1}
	EndGlobalSection
	GlobalSection(ExtensibilityGlobals) = postSolution
		SolutionGuid = {D92A08E9-17E6-4D45-A255-7C657191EBBC}
	EndGlobalSection
EndGlobal
